
Microsoft Visual Studio Solution File, Format Version 12.00
# Visual Studio Version 17
VisualStudioVersion = 17.11.35222.181
MinimumVisualStudioVersion = 10.0.40219.1
Project("{FAE04EC0-301F-11D3-BF4B-00C04F79EFBC}") = "MoneyCollector", "MoneyCollector\MoneyCollector.csproj", "{D6495518-1E1E-4BA3-A614-8522DA302EF2}"
EndProject
Global
	GlobalSection(SolutionConfigurationPlatforms) = preSolution
		Debug|Any CPU = Debug|Any CPU
		Release|Any CPU = Release|Any CPU
	EndGlobalSection
	GlobalSection(ProjectConfigurationPlatforms) = postSolution
		{D6495518-1E1E-4BA3-A614-8522DA302EF2}.Debug|Any CPU.ActiveCfg = Debug|Any CPU
		{D6495518-1E1E-4BA3-A614-8522DA302EF2}.Debug|Any CPU.Build.0 = Debug|Any CPU
		{D6495518-1E1E-4BA3-A614-8522DA302EF2}.Release|Any CPU.ActiveCfg = Release|Any CPU
		{D6495518-1E1E-4BA3-A614-8522DA302EF2}.Release|Any CPU.Build.0 = Release|Any CPU
	EndGlobalSection
	GlobalSection(SolutionProperties) = preSolution
		HideSolutionNode = FALSE
	EndGlobalSection
	GlobalSection(ExtensibilityGlobals) = postSolution
		SolutionGuid = {39EBD74F-42F3-4DF8-88A2-36DE4E91D2B2}
	EndGlobalSection
EndGlobal
